
Microsoft Visual Studio Solution File, Format Version 12.00
# Visual Studio 2013
VisualStudioVersion = 12.0.31101.0
MinimumVisualStudioVersion = 10.0.40219.1
Project("{2150E333-8FDC-42A3-9474-1A3956D46DE8}") = "BackEnd", "BackEnd", "{3E6D6E3E-9BD2-4E1C-9610-82AD6944BCEA}"
EndProject
Project("{FAE04EC0-301F-11D3-BF4B-00C04F79EFBC}") = "ConsoleMySql", "ConsoleMySql\ConsoleMySql.csproj", "{9650D26C-A23A-4C13-9D09-F8EF6CFCE33A}"
EndProject
Project("{FAE04EC0-301F-11D3-BF4B-00C04F79EFBC}") = "EntityMySql", "EntityMySql\EntityMySql.csproj", "{5CE42DAF-BB69-44B6-985B-329FA8F4958D}"
EndProject
Project("{FAE04EC0-301F-11D3-BF4B-00C04F79EFBC}") = "DTO", "DTO\DTO.csproj", "{DAC59B30-2C05-433E-B834-7212E02633BC}"
EndProject
Project("{FAE04EC0-301F-11D3-BF4B-00C04F79EFBC}") = "Provider", "Provider\Provider.csproj", "{C4569C4A-A7B6-4E46-8E63-E66F3DC05F57}"
EndProject
Project("{2150E333-8FDC-42A3-9474-1A3956D46DE8}") = "FrontEnd", "FrontEnd", "{71F97BDF-CA21-422D-A838-2FB5606782A0}"
EndProject
Project("{FAE04EC0-301F-11D3-BF4B-00C04F79EFBC}") = "FichaControlInventario", "FichaControlInventario\FichaControlInventario.csproj", "{0E54E54A-0363-45D8-8A86-1C8C747C0A86}"
EndProject
Project("{FAE04EC0-301F-11D3-BF4B-00C04F79EFBC}") = "OOB", "OOB\OOB.csproj", "{B7A01F68-2ACA-42A7-B8E4-8168C780CC31}"
EndProject
Project("{2150E333-8FDC-42A3-9474-1A3956D46DE8}") = "Service", "Service", "{68C6C873-4303-4A68-BF7D-B9932781AB91}"
EndProject
Project("{FAE04EC0-301F-11D3-BF4B-00C04F79EFBC}") = "DataService", "DataService\DataService.csproj", "{26F1BFB0-244D-48A0-89D9-CAD1F3D2138E}"
EndProject
Project("{FAE04EC0-301F-11D3-BF4B-00C04F79EFBC}") = "DataProvider", "DataProvider\DataProvider.csproj", "{E9CA50FA-286B-48B4-9DF9-74B7F377800D}"
EndProject
Global
	GlobalSection(SolutionConfigurationPlatforms) = preSolution
		Debug|Any CPU = Debug|Any CPU
		Release|Any CPU = Release|Any CPU
	EndGlobalSection
	GlobalSection(ProjectConfigurationPlatforms) = postSolution
		{9650D26C-A23A-4C13-9D09-F8EF6CFCE33A}.Debug|Any CPU.ActiveCfg = Debug|Any CPU
		{9650D26C-A23A-4C13-9D09-F8EF6CFCE33A}.Debug|Any CPU.Build.0 = Debug|Any CPU
		{9650D26C-A23A-4C13-9D09-F8EF6CFCE33A}.Release|Any CPU.ActiveCfg = Release|Any CPU
		{9650D26C-A23A-4C13-9D09-F8EF6CFCE33A}.Release|Any CPU.Build.0 = Release|Any CPU
		{5CE42DAF-BB69-44B6-985B-329FA8F4958D}.Debug|Any CPU.ActiveCfg = Debug|Any CPU
		{5CE42DAF-BB69-44B6-985B-329FA8F4958D}.Debug|Any CPU.Build.0 = Debug|Any CPU
		{5CE42DAF-BB69-44B6-985B-329FA8F4958D}.Release|Any CPU.ActiveCfg = Release|Any CPU
		{5CE42DAF-BB69-44B6-985B-329FA8F4958D}.Release|Any CPU.Build.0 = Release|Any CPU
		{DAC59B30-2C05-433E-B834-7212E02633BC}.Debug|Any CPU.ActiveCfg = Debug|Any CPU
		{DAC59B30-2C05-433E-B834-7212E02633BC}.Debug|Any CPU.Build.0 = Debug|Any CPU
		{DAC59B30-2C05-433E-B834-7212E02633BC}.Release|Any CPU.ActiveCfg = Release|Any CPU
		{DAC59B30-2C05-433E-B834-7212E02633BC}.Release|Any CPU.Build.0 = Release|Any CPU
		{C4569C4A-A7B6-4E46-8E63-E66F3DC05F57}.Debug|Any CPU.ActiveCfg = Debug|Any CPU
		{C4569C4A-A7B6-4E46-8E63-E66F3DC05F57}.Debug|Any CPU.Build.0 = Debug|Any CPU
		{C4569C4A-A7B6-4E46-8E63-E66F3DC05F57}.Release|Any CPU.ActiveCfg = Release|Any CPU
		{C4569C4A-A7B6-4E46-8E63-E66F3DC05F57}.Release|Any CPU.Build.0 = Release|Any CPU
		{0E54E54A-0363-45D8-8A86-1C8C747C0A86}.Debug|Any CPU.ActiveCfg = Debug|Any CPU
		{0E54E54A-0363-45D8-8A86-1C8C747C0A86}.Debug|Any CPU.Build.0 = Debug|Any CPU
		{0E54E54A-0363-45D8-8A86-1C8C747C0A86}.Release|Any CPU.ActiveCfg = Release|Any CPU
		{0E54E54A-0363-45D8-8A86-1C8C747C0A86}.Release|Any CPU.Build.0 = Release|Any CPU
		{B7A01F68-2ACA-42A7-B8E4-8168C780CC31}.Debug|Any CPU.ActiveCfg = Debug|Any CPU
		{B7A01F68-2ACA-42A7-B8E4-8168C780CC31}.Debug|Any CPU.Build.0 = Debug|Any CPU
		{B7A01F68-2ACA-42A7-B8E4-8168C780CC31}.Release|Any CPU.ActiveCfg = Release|Any CPU
		{B7A01F68-2ACA-42A7-B8E4-8168C780CC31}.Release|Any CPU.Build.0 = Release|Any CPU
		{26F1BFB0-244D-48A0-89D9-CAD1F3D2138E}.Debug|Any CPU.ActiveCfg = Debug|Any CPU
		{26F1BFB0-244D-48A0-89D9-CAD1F3D2138E}.Debug|Any CPU.Build.0 = Debug|Any CPU
		{26F1BFB0-244D-48A0-89D9-CAD1F3D2138E}.Release|Any CPU.ActiveCfg = Release|Any CPU
		{26F1BFB0-244D-48A0-89D9-CAD1F3D2138E}.Release|Any CPU.Build.0 = Release|Any CPU
		{E9CA50FA-286B-48B4-9DF9-74B7F377800D}.Debug|Any CPU.ActiveCfg = Debug|Any CPU
		{E9CA50FA-286B-48B4-9DF9-74B7F377800D}.Debug|Any CPU.Build.0 = Debug|Any CPU
		{E9CA50FA-286B-48B4-9DF9-74B7F377800D}.Release|Any CPU.ActiveCfg = Release|Any CPU
		{E9CA50FA-286B-48B4-9DF9-74B7F377800D}.Release|Any CPU.Build.0 = Release|Any CPU
	EndGlobalSection
	GlobalSection(SolutionProperties) = preSolution
		HideSolutionNode = FALSE
	EndGlobalSection
	GlobalSection(NestedProjects) = preSolution
		{9650D26C-A23A-4C13-9D09-F8EF6CFCE33A} = {3E6D6E3E-9BD2-4E1C-9610-82AD6944BCEA}
		{5CE42DAF-BB69-44B6-985B-329FA8F4958D} = {3E6D6E3E-9BD2-4E1C-9610-82AD6944BCEA}
		{DAC59B30-2C05-433E-B834-7212E02633BC} = {3E6D6E3E-9BD2-4E1C-9610-82AD6944BCEA}
		{C4569C4A-A7B6-4E46-8E63-E66F3DC05F57} = {3E6D6E3E-9BD2-4E1C-9610-82AD6944BCEA}
		{0E54E54A-0363-45D8-8A86-1C8C747C0A86} = {71F97BDF-CA21-422D-A838-2FB5606782A0}
		{B7A01F68-2ACA-42A7-B8E4-8168C780CC31} = {71F97BDF-CA21-422D-A838-2FB5606782A0}
		{26F1BFB0-244D-48A0-89D9-CAD1F3D2138E} = {68C6C873-4303-4A68-BF7D-B9932781AB91}
		{E9CA50FA-286B-48B4-9DF9-74B7F377800D} = {71F97BDF-CA21-422D-A838-2FB5606782A0}
	EndGlobalSection
EndGlobal
